
Microsoft Visual Studio Solution File, Format Version 12.00
# Visual Studio Version 17
VisualStudioVersion = 17.9.34622.214
MinimumVisualStudioVersion = 10.0.40219.1
Project("{9A19103F-16F7-4668-BE54-9A1E7A4F7556}") = "CostsApi", "CostsApi.csproj", "{571147CC-0CFA-4A38-A6A5-A9C564EBBDD0}"
EndProject
Global
	GlobalSection(SolutionConfigurationPlatforms) = preSolution
		Debug|Any CPU = Debug|Any CPU
		Release|Any CPU = Release|Any CPU
	EndGlobalSection
	GlobalSection(ProjectConfigurationPlatforms) = postSolution
		{571147CC-0CFA-4A38-A6A5-A9C564EBBDD0}.Debug|Any CPU.ActiveCfg = Debug|Any CPU
		{571147CC-0CFA-4A38-A6A5-A9C564EBBDD0}.Debug|Any CPU.Build.0 = Debug|Any CPU
		{571147CC-0CFA-4A38-A6A5-A9C564EBBDD0}.Release|Any CPU.ActiveCfg = Release|Any CPU
		{571147CC-0CFA-4A38-A6A5-A9C564EBBDD0}.Release|Any CPU.Build.0 = Release|Any CPU
	EndGlobalSection
	GlobalSection(SolutionProperties) = preSolution
		HideSolutionNode = FALSE
	EndGlobalSection
	GlobalSection(ExtensibilityGlobals) = postSolution
		SolutionGuid = {78C9CD19-5A1F-4353-B248-7269CB35D3C3}
	EndGlobalSection
EndGlobal
